
Microsoft Visual Studio Solution File, Format Version 12.00
# Visual Studio Version 17
VisualStudioVersion = 17.0.31903.59
MinimumVisualStudioVersion = 10.0.40219.1
Project("{FAE04EC0-301F-11D3-BF4B-00C04F79EFBC}") = "AlbumManager.App", "AlbumManager.App\AlbumManager.App.csproj", "{B7C3953A-3448-4C92-BD55-594C461CA2FF}"
EndProject
Project("{FAE04EC0-301F-11D3-BF4B-00C04F79EFBC}") = "BusinessObjects", "BusinessObjects\BusinessObjects.csproj", "{56365DEB-9AC6-4287-AE20-E453B5F73DA8}"
EndProject
Project("{FAE04EC0-301F-11D3-BF4B-00C04F79EFBC}") = "DataAccessLayer", "DataAccessLayer\DataAccessLayer.csproj", "{A24D5E59-7C17-4A88-A17C-0274AD7A4D8E}"
EndProject
Project("{FAE04EC0-301F-11D3-BF4B-00C04F79EFBC}") = "Services", "Services\Services.csproj", "{B5BEC67D-0EE2-4986-B48C-F5581E24E121}"
EndProject
Project("{FAE04EC0-301F-11D3-BF4B-00C04F79EFBC}") = "Services.Test", "Services.Test\Services.Test.csproj", "{BE6B321D-F97E-4818-94A7-FD68BD37ACA1}"
EndProject
Global
	GlobalSection(SolutionConfigurationPlatforms) = preSolution
		Debug|Any CPU = Debug|Any CPU
		Release|Any CPU = Release|Any CPU
	EndGlobalSection
	GlobalSection(SolutionProperties) = preSolution
		HideSolutionNode = FALSE
	EndGlobalSection
	GlobalSection(ProjectConfigurationPlatforms) = postSolution
		{B7C3953A-3448-4C92-BD55-594C461CA2FF}.Debug|Any CPU.ActiveCfg = Debug|Any CPU
		{B7C3953A-3448-4C92-BD55-594C461CA2FF}.Debug|Any CPU.Build.0 = Debug|Any CPU
		{B7C3953A-3448-4C92-BD55-594C461CA2FF}.Release|Any CPU.ActiveCfg = Release|Any CPU
		{B7C3953A-3448-4C92-BD55-594C461CA2FF}.Release|Any CPU.Build.0 = Release|Any CPU
		{56365DEB-9AC6-4287-AE20-E453B5F73DA8}.Debug|Any CPU.ActiveCfg = Debug|Any CPU
		{56365DEB-9AC6-4287-AE20-E453B5F73DA8}.Debug|Any CPU.Build.0 = Debug|Any CPU
		{56365DEB-9AC6-4287-AE20-E453B5F73DA8}.Release|Any CPU.ActiveCfg = Release|Any CPU
		{56365DEB-9AC6-4287-AE20-E453B5F73DA8}.Release|Any CPU.Build.0 = Release|Any CPU
		{A24D5E59-7C17-4A88-A17C-0274AD7A4D8E}.Debug|Any CPU.ActiveCfg = Debug|Any CPU
		{A24D5E59-7C17-4A88-A17C-0274AD7A4D8E}.Debug|Any CPU.Build.0 = Debug|Any CPU
		{A24D5E59-7C17-4A88-A17C-0274AD7A4D8E}.Release|Any CPU.ActiveCfg = Release|Any CPU
		{A24D5E59-7C17-4A88-A17C-0274AD7A4D8E}.Release|Any CPU.Build.0 = Release|Any CPU
		{B5BEC67D-0EE2-4986-B48C-F5581E24E121}.Debug|Any CPU.ActiveCfg = Debug|Any CPU
		{B5BEC67D-0EE2-4986-B48C-F5581E24E121}.Debug|Any CPU.Build.0 = Debug|Any CPU
		{B5BEC67D-0EE2-4986-B48C-F5581E24E121}.Release|Any CPU.ActiveCfg = Release|Any CPU
		{B5BEC67D-0EE2-4986-B48C-F5581E24E121}.Release|Any CPU.Build.0 = Release|Any CPU
		{BE6B321D-F97E-4818-94A7-FD68BD37ACA1}.Debug|Any CPU.ActiveCfg = Debug|Any CPU
		{BE6B321D-F97E-4818-94A7-FD68BD37ACA1}.Debug|Any CPU.Build.0 = Debug|Any CPU
		{BE6B321D-F97E-4818-94A7-FD68BD37ACA1}.Release|Any CPU.ActiveCfg = Release|Any CPU
		{BE6B321D-F97E-4818-94A7-FD68BD37ACA1}.Release|Any CPU.Build.0 = Release|Any CPU
	EndGlobalSection
EndGlobal
